
Microsoft Visual Studio Solution File, Format Version 12.00
# Visual Studio Version 17
VisualStudioVersion = 17.13.35919.96
MinimumVisualStudioVersion = 10.0.40219.1
Project("{8BC9CEB8-8B4A-11D0-8D11-00A0C91BC942}") = "WindowsSecurityGuard", "WindowsSecurityGuard.vcxproj", "{FC0318E0-8D8F-4A72-9F76-42134A26AE19}"
EndProject
Project("{8BC9CEB8-8B4A-11D0-8D11-00A0C91BC942}") = "SecurityCore", "SecurityCore\SecurityCore.vcxproj", "{716F25CB-6250-42CB-AC8D-67AD896BD236}"
	ProjectSection(ProjectDependencies) = postProject
		{0BC119C6-672C-4C38-AAB4-9420D0B5F699} = {0BC119C6-672C-4C38-AAB4-9420D0B5F699}
		{D5DD0159-4505-4E93-B72A-4F231E14E4AB} = {D5DD0159-4505-4E93-B72A-4F231E14E4AB}
	EndProjectSection
EndProject
Project("{8BC9CEB8-8B4A-11D0-8D11-00A0C91BC942}") = "SecurityGuardUI", "SecurityGuardUI\SecurityGuardUI.vcxproj", "{A7C6CB74-B1FD-875F-9B61-0E6A75CAD5BE}"
	ProjectSection(ProjectDependencies) = postProject
		{0BC119C6-672C-4C38-AAB4-9420D0B5F699} = {0BC119C6-672C-4C38-AAB4-9420D0B5F699}
		{0C484164-82BF-420B-8C93-906B95A52859} = {0C484164-82BF-420B-8C93-906B95A52859}
		{1862BCF0-C907-4E1C-BD19-A39CA483452E} = {1862BCF0-C907-4E1C-BD19-A39CA483452E}
		{716F25CB-6250-42CB-AC8D-67AD896BD236} = {716F25CB-6250-42CB-AC8D-67AD896BD236}
		{D5DD0159-4505-4E93-B72A-4F231E14E4AB} = {D5DD0159-4505-4E93-B72A-4F231E14E4AB}
	EndProjectSection
EndProject
Project("{8BC9CEB8-8B4A-11D0-8D11-00A0C91BC942}") = "SecurityService", "SecurityService\SecurityService.vcxproj", "{0C484164-82BF-420B-8C93-906B95A52859}"
	ProjectSection(ProjectDependencies) = postProject
		{1862BCF0-C907-4E1C-BD19-A39CA483452E} = {1862BCF0-C907-4E1C-BD19-A39CA483452E}
		{716F25CB-6250-42CB-AC8D-67AD896BD236} = {716F25CB-6250-42CB-AC8D-67AD896BD236}
		{D5DD0159-4505-4E93-B72A-4F231E14E4AB} = {D5DD0159-4505-4E93-B72A-4F231E14E4AB}
	EndProjectSection
EndProject
Project("{8BC9CEB8-8B4A-11D0-8D11-00A0C91BC942}") = "ProtectionModules", "ProtectionModules\ProtectionModules.vcxproj", "{1862BCF0-C907-4E1C-BD19-A39CA483452E}"
	ProjectSection(ProjectDependencies) = postProject
		{0BC119C6-672C-4C38-AAB4-9420D0B5F699} = {0BC119C6-672C-4C38-AAB4-9420D0B5F699}
		{716F25CB-6250-42CB-AC8D-67AD896BD236} = {716F25CB-6250-42CB-AC8D-67AD896BD236}
	EndProjectSection
EndProject
Project("{8BC9CEB8-8B4A-11D0-8D11-00A0C91BC942}") = "HookEngine", "HookEngine\HookEngine.vcxproj", "{0BC119C6-672C-4C38-AAB4-9420D0B5F699}"
EndProject
Project("{8BC9CEB8-8B4A-11D0-8D11-00A0C91BC942}") = "ConfigManager", "ConfigManager\ConfigManager.vcxproj", "{D5DD0159-4505-4E93-B72A-4F231E14E4AB}"
EndProject
Project("{8BC9CEB8-8B4A-11D0-8D11-00A0C91BC942}") = "SecurityDriver", "SecurityDriver\SecurityDriver.vcxproj", "{0507BFBD-2EDD-B6C4-F0E3-E773A5A81141}"
EndProject
Global
	GlobalSection(SolutionConfigurationPlatforms) = preSolution
		Debug|x64 = Debug|x64
		Debug|x86 = Debug|x86
		Release|x64 = Release|x64
		Release|x86 = Release|x86
	EndGlobalSection
	GlobalSection(ProjectConfigurationPlatforms) = postSolution
		{FC0318E0-8D8F-4A72-9F76-42134A26AE19}.Debug|x64.ActiveCfg = Debug|x64
		{FC0318E0-8D8F-4A72-9F76-42134A26AE19}.Debug|x64.Build.0 = Debug|x64
		{FC0318E0-8D8F-4A72-9F76-42134A26AE19}.Debug|x86.ActiveCfg = Debug|Win32
		{FC0318E0-8D8F-4A72-9F76-42134A26AE19}.Debug|x86.Build.0 = Debug|Win32
		{FC0318E0-8D8F-4A72-9F76-42134A26AE19}.Release|x64.ActiveCfg = Release|x64
		{FC0318E0-8D8F-4A72-9F76-42134A26AE19}.Release|x64.Build.0 = Release|x64
		{FC0318E0-8D8F-4A72-9F76-42134A26AE19}.Release|x86.ActiveCfg = Release|Win32
		{FC0318E0-8D8F-4A72-9F76-42134A26AE19}.Release|x86.Build.0 = Release|Win32
		{716F25CB-6250-42CB-AC8D-67AD896BD236}.Debug|x64.ActiveCfg = Debug|x64
		{716F25CB-6250-42CB-AC8D-67AD896BD236}.Debug|x64.Build.0 = Debug|x64
		{716F25CB-6250-42CB-AC8D-67AD896BD236}.Debug|x86.ActiveCfg = Debug|Win32
		{716F25CB-6250-42CB-AC8D-67AD896BD236}.Debug|x86.Build.0 = Debug|Win32
		{716F25CB-6250-42CB-AC8D-67AD896BD236}.Release|x64.ActiveCfg = Release|x64
		{716F25CB-6250-42CB-AC8D-67AD896BD236}.Release|x64.Build.0 = Release|x64
		{716F25CB-6250-42CB-AC8D-67AD896BD236}.Release|x86.ActiveCfg = Release|Win32
		{716F25CB-6250-42CB-AC8D-67AD896BD236}.Release|x86.Build.0 = Release|Win32
		{A7C6CB74-B1FD-875F-9B61-0E6A75CAD5BE}.Debug|x64.ActiveCfg = Debug|x64
		{A7C6CB74-B1FD-875F-9B61-0E6A75CAD5BE}.Debug|x64.Build.0 = Debug|x64
		{A7C6CB74-B1FD-875F-9B61-0E6A75CAD5BE}.Debug|x86.ActiveCfg = Debug|Win32
		{A7C6CB74-B1FD-875F-9B61-0E6A75CAD5BE}.Debug|x86.Build.0 = Debug|Win32
		{A7C6CB74-B1FD-875F-9B61-0E6A75CAD5BE}.Release|x64.ActiveCfg = Release|x64
		{A7C6CB74-B1FD-875F-9B61-0E6A75CAD5BE}.Release|x64.Build.0 = Release|x64
		{A7C6CB74-B1FD-875F-9B61-0E6A75CAD5BE}.Release|x86.ActiveCfg = Release|Win32
		{A7C6CB74-B1FD-875F-9B61-0E6A75CAD5BE}.Release|x86.Build.0 = Release|Win32
		{0C484164-82BF-420B-8C93-906B95A52859}.Debug|x64.ActiveCfg = Debug|x64
		{0C484164-82BF-420B-8C93-906B95A52859}.Debug|x64.Build.0 = Debug|x64
		{0C484164-82BF-420B-8C93-906B95A52859}.Debug|x86.ActiveCfg = Debug|Win32
		{0C484164-82BF-420B-8C93-906B95A52859}.Debug|x86.Build.0 = Debug|Win32
		{0C484164-82BF-420B-8C93-906B95A52859}.Release|x64.ActiveCfg = Release|x64
		{0C484164-82BF-420B-8C93-906B95A52859}.Release|x64.Build.0 = Release|x64
		{0C484164-82BF-420B-8C93-906B95A52859}.Release|x86.ActiveCfg = Release|Win32
		{0C484164-82BF-420B-8C93-906B95A52859}.Release|x86.Build.0 = Release|Win32
		{1862BCF0-C907-4E1C-BD19-A39CA483452E}.Debug|x64.ActiveCfg = Debug|x64
		{1862BCF0-C907-4E1C-BD19-A39CA483452E}.Debug|x64.Build.0 = Debug|x64
		{1862BCF0-C907-4E1C-BD19-A39CA483452E}.Debug|x86.ActiveCfg = Debug|Win32
		{1862BCF0-C907-4E1C-BD19-A39CA483452E}.Debug|x86.Build.0 = Debug|Win32
		{1862BCF0-C907-4E1C-BD19-A39CA483452E}.Release|x64.ActiveCfg = Release|x64
		{1862BCF0-C907-4E1C-BD19-A39CA483452E}.Release|x64.Build.0 = Release|x64
		{1862BCF0-C907-4E1C-BD19-A39CA483452E}.Release|x86.ActiveCfg = Release|Win32
		{1862BCF0-C907-4E1C-BD19-A39CA483452E}.Release|x86.Build.0 = Release|Win32
		{0BC119C6-672C-4C38-AAB4-9420D0B5F699}.Debug|x64.ActiveCfg = Debug|x64
		{0BC119C6-672C-4C38-AAB4-9420D0B5F699}.Debug|x64.Build.0 = Debug|x64
		{0BC119C6-672C-4C38-AAB4-9420D0B5F699}.Debug|x86.ActiveCfg = Debug|Win32
		{0BC119C6-672C-4C38-AAB4-9420D0B5F699}.Debug|x86.Build.0 = Debug|Win32
		{0BC119C6-672C-4C38-AAB4-9420D0B5F699}.Release|x64.ActiveCfg = Release|x64
		{0BC119C6-672C-4C38-AAB4-9420D0B5F699}.Release|x64.Build.0 = Release|x64
		{0BC119C6-672C-4C38-AAB4-9420D0B5F699}.Release|x86.ActiveCfg = Release|Win32
		{0BC119C6-672C-4C38-AAB4-9420D0B5F699}.Release|x86.Build.0 = Release|Win32
		{D5DD0159-4505-4E93-B72A-4F231E14E4AB}.Debug|x64.ActiveCfg = Debug|x64
		{D5DD0159-4505-4E93-B72A-4F231E14E4AB}.Debug|x64.Build.0 = Debug|x64
		{D5DD0159-4505-4E93-B72A-4F231E14E4AB}.Debug|x86.ActiveCfg = Debug|Win32
		{D5DD0159-4505-4E93-B72A-4F231E14E4AB}.Debug|x86.Build.0 = Debug|Win32
		{D5DD0159-4505-4E93-B72A-4F231E14E4AB}.Release|x64.ActiveCfg = Release|x64
		{D5DD0159-4505-4E93-B72A-4F231E14E4AB}.Release|x64.Build.0 = Release|x64
		{D5DD0159-4505-4E93-B72A-4F231E14E4AB}.Release|x86.ActiveCfg = Release|Win32
		{D5DD0159-4505-4E93-B72A-4F231E14E4AB}.Release|x86.Build.0 = Release|Win32
		{0507BFBD-2EDD-B6C4-F0E3-E773A5A81141}.Debug|x64.ActiveCfg = Debug|x64
		{0507BFBD-2EDD-B6C4-F0E3-E773A5A81141}.Debug|x64.Deploy.0 = Debug|x64
		{0507BFBD-2EDD-B6C4-F0E3-E773A5A81141}.Debug|x86.ActiveCfg = Debug|x64
		{0507BFBD-2EDD-B6C4-F0E3-E773A5A81141}.Debug|x86.Build.0 = Debug|x64
		{0507BFBD-2EDD-B6C4-F0E3-E773A5A81141}.Debug|x86.Deploy.0 = Debug|x64
		{0507BFBD-2EDD-B6C4-F0E3-E773A5A81141}.Release|x64.ActiveCfg = Release|x64
		{0507BFBD-2EDD-B6C4-F0E3-E773A5A81141}.Release|x64.Build.0 = Release|x64
		{0507BFBD-2EDD-B6C4-F0E3-E773A5A81141}.Release|x64.Deploy.0 = Release|x64
		{0507BFBD-2EDD-B6C4-F0E3-E773A5A81141}.Release|x86.ActiveCfg = Release|x64
		{0507BFBD-2EDD-B6C4-F0E3-E773A5A81141}.Release|x86.Build.0 = Release|x64
		{0507BFBD-2EDD-B6C4-F0E3-E773A5A81141}.Release|x86.Deploy.0 = Release|x64
	EndGlobalSection
	GlobalSection(SolutionProperties) = preSolution
		HideSolutionNode = FALSE
	EndGlobalSection
	GlobalSection(ExtensibilityGlobals) = postSolution
		SolutionGuid = {4E78443F-C3F5-4DB7-8E7E-04CBED167105}
	EndGlobalSection
EndGlobal
