<?xml version="1.0" encoding="utf-8"?>
<Project ToolsVersion="4.0" xmlns="http://schemas.microsoft.com/developer/msbuild/2003">
  <ItemGroup>
    <Filter Include="源文件">
      <UniqueIdentifier>{4FC737F1-C7A5-4376-A066-2A32D752A2FF}</UniqueIdentifier>
      <Extensions>cpp;c;cc;cxx;c++;cppm;ixx;def;odl;idl;hpj;bat;asm;asmx</Extensions>
    </Filter>
    <Filter Include="头文件">
      <UniqueIdentifier>{93995380-89BD-4b04-88EB-625FBE52EBFB}</UniqueIdentifier>
      <Extensions>h;hh;hpp;hxx;h++;hm;inl;inc;ipp;xsd</Extensions>
    </Filter>
    <Filter Include="资源文件">
      <UniqueIdentifier>{67DA6AB6-F800-4c08-8B7A-83BB121AAD01}</UniqueIdentifier>
      <Extensions>rc;ico;cur;bmp;dlg;rc2;rct;bin;rgs;gif;jpg;jpeg;jpe;resx;tiff;tif;png;wav;mfcribbon-ms</Extensions>
    </Filter>
    <Filter Include="dto">
      <UniqueIdentifier>{68207bea-1408-4c73-a319-24140fead56f}</UniqueIdentifier>
    </Filter>
    <Filter Include="common">
      <UniqueIdentifier>{689bde59-a06d-4cd2-bcfd-5c069d7df2b3}</UniqueIdentifier>
    </Filter>
  </ItemGroup>
  <ItemGroup>
    <ClInclude Include="framework.h">
      <Filter>头文件</Filter>
    </ClInclude>
    <ClInclude Include="pch.h">
      <Filter>头文件</Filter>
    </ClInclude>
    <ClInclude Include="NamedPipeServer.h">
      <Filter>头文件</Filter>
    </ClInclude>
    <ClInclude Include="ClientSession.h">
      <Filter>头文件</Filter>
    </ClInclude>
    <ClInclude Include="Message.h">
      <Filter>头文件</Filter>
    </ClInclude>
    <ClInclude Include="..\include\dto\IDTO.h">
      <Filter>dto</Filter>
    </ClInclude>
    <ClInclude Include="..\include\dto\ConfigRequestDTO.h">
      <Filter>dto</Filter>
    </ClInclude>
    <ClInclude Include="..\include\dto\EventDTO.h">
      <Filter>dto</Filter>
    </ClInclude>
    <ClInclude Include="..\include\dto\HeartBeatDTO.h">
      <Filter>dto</Filter>
    </ClInclude>
    <ClInclude Include="..\include\dto\RequestDTO.h">
      <Filter>dto</Filter>
    </ClInclude>
    <ClInclude Include="..\include\dto\ResponseDTO.h">
      <Filter>dto</Filter>
    </ClInclude>
    <ClInclude Include="..\include\dto\FileRequestDTO.h">
      <Filter>dto</Filter>
    </ClInclude>
    <ClInclude Include="SecurityService.h">
      <Filter>头文件</Filter>
    </ClInclude>
    <ClInclude Include="..\include\dto\DTOParam.h">
      <Filter>dto</Filter>
    </ClInclude>
    <ClInclude Include="..\include\dto\GenerateCommonParam.h">
      <Filter>dto</Filter>
    </ClInclude>
    <ClInclude Include="..\include\dto\DTOFactory.h">
      <Filter>dto</Filter>
    </ClInclude>
    <ClInclude Include="..\include\common\Command.h">
      <Filter>common</Filter>
    </ClInclude>
    <ClInclude Include="..\include\common\Param.h">
      <Filter>common</Filter>
    </ClInclude>
    <ClInclude Include="CommandRegistry.h">
      <Filter>头文件</Filter>
    </ClInclude>
  </ItemGroup>
  <ItemGroup>
    <ClCompile Include="SecurityService.cpp">
      <Filter>源文件</Filter>
    </ClCompile>
    <ClCompile Include="pch.cpp">
      <Filter>源文件</Filter>
    </ClCompile>
    <ClCompile Include="NamedPipeServer.cpp">
      <Filter>源文件</Filter>
    </ClCompile>
    <ClCompile Include="ClientSession.cpp">
      <Filter>源文件</Filter>
    </ClCompile>
    <ClCompile Include="..\include\dto\FileRequestDTO.cpp">
      <Filter>dto</Filter>
    </ClCompile>
    <ClCompile Include="main.cpp">
      <Filter>源文件</Filter>
    </ClCompile>
    <ClCompile Include="..\include\dto\DTOFactory.cpp">
      <Filter>dto</Filter>
    </ClCompile>
    <ClCompile Include="CommandRegistry.cpp">
      <Filter>源文件</Filter>
    </ClCompile>
    <ClCompile Include="..\include\dto\ResponseDTO.cpp">
      <Filter>dto</Filter>
    </ClCompile>
  </ItemGroup>
  <ItemGroup>
    <None Include="packages.config" />
  </ItemGroup>
</Project>